
Microsoft Visual Studio Solution File, Format Version 12.00
# Visual Studio Version 17
VisualStudioVersion = 17.1.32228.430
MinimumVisualStudioVersion = 10.0.40219.1
Project("{FAE04EC0-301F-11D3-BF4B-00C04F79EFBC}") = "ConsoleApp20", "ConsoleApp20.csproj", "{28C27A98-0EA3-42DA-AFDB-B144108FC747}"
EndProject
Global
	GlobalSection(SolutionConfigurationPlatforms) = preSolution
		Debug|Any CPU = Debug|Any CPU
		Release|Any CPU = Release|Any CPU
	EndGlobalSection
	GlobalSection(ProjectConfigurationPlatforms) = postSolution
		{28C27A98-0EA3-42DA-AFDB-B144108FC747}.Debug|Any CPU.ActiveCfg = Debug|Any CPU
		{28C27A98-0EA3-42DA-AFDB-B144108FC747}.Debug|Any CPU.Build.0 = Debug|Any CPU
		{28C27A98-0EA3-42DA-AFDB-B144108FC747}.Release|Any CPU.ActiveCfg = Release|Any CPU
		{28C27A98-0EA3-42DA-AFDB-B144108FC747}.Release|Any CPU.Build.0 = Release|Any CPU
	EndGlobalSection
	GlobalSection(SolutionProperties) = preSolution
		HideSolutionNode = FALSE
	EndGlobalSection
	GlobalSection(ExtensibilityGlobals) = postSolution
		SolutionGuid = {10453D39-BB95-49F7-BE1F-6249E1A75DBD}
	EndGlobalSection
EndGlobal
